// !$*UTF8*$!
{
	archiveVersion = 1;
	classes = {
	};
	objectVersion = 56;
	objects = {

/* Begin PBXBuildFile section */
		0D1540612D22EF5D00D6D63F /* AnalyticsEvent.swift in Sources */ = {isa = PBXBuildFile; fileRef = 0D1540602D22EF5D00D6D63F /* AnalyticsEvent.swift */; };
		0DF1D1402D22DC51001626E7 /* ServicesAssembler.swift in Sources */ = {isa = PBXBuildFile; fileRef = 0DF1D13F2D22DC4B001626E7 /* ServicesAssembler.swift */; };
		0DF1D1432D22DCD8001626E7 /* PerformOnce.swift in Sources */ = {isa = PBXBuildFile; fileRef = 0DF1D1422D22DCD2001626E7 /* PerformOnce.swift */; };
		0DF1D1452D22DD06001626E7 /* BitcoinRateService.swift in Sources */ = {isa = PBXBuildFile; fileRef = 0DF1D1442D22DCFF001626E7 /* BitcoinRateService.swift */; };
		0DF1D1472D22DD4A001626E7 /* AnalyticsService.swift in Sources */ = {isa = PBXBuildFile; fileRef = 0DF1D1462D22DD44001626E7 /* AnalyticsService.swift */; };
		1CA3B6562D22B0F500176711 /* AppDelegate.swift in Sources */ = {isa = PBXBuildFile; fileRef = 1CA3B6552D22B0F500176711 /* AppDelegate.swift */; };
		1CA3B6582D22B0F500176711 /* SceneDelegate.swift in Sources */ = {isa = PBXBuildFile; fileRef = 1CA3B6572D22B0F500176711 /* SceneDelegate.swift */; };
		1CA3B65A2D22B0F500176711 /* DashboardViewController.swift in Sources */ = {isa = PBXBuildFile; fileRef = 1CA3B6592D22B0F500176711 /* DashboardViewController.swift */; };
		1CA3B6602D22B0F500176711 /* TransactionsTestTask.xcdatamodeld in Sources */ = {isa = PBXBuildFile; fileRef = 1CA3B65E2D22B0F500176711 /* TransactionsTestTask.xcdatamodeld */; };
		1CA3B6622D22B0F600176711 /* Assets.xcassets in Resources */ = {isa = PBXBuildFile; fileRef = 1CA3B6612D22B0F600176711 /* Assets.xcassets */; };
		1CA3B6652D22B0F600176711 /* Base in Resources */ = {isa = PBXBuildFile; fileRef = 1CA3B6642D22B0F600176711 /* Base */; };
		7C4D0E402E2048C2008F143D /* DashboardViewModel.swift in Sources */ = {isa = PBXBuildFile; fileRef = 7C4D0E3F2E2048BE008F143D /* DashboardViewModel.swift */; };
		7C4D0E422E204C7E008F143D /* AppRouter.swift in Sources */ = {isa = PBXBuildFile; fileRef = 7C4D0E412E204C7B008F143D /* AppRouter.swift */; };
		7C4D0E452E204CDA008F143D /* AppRouterImpl.swift in Sources */ = {isa = PBXBuildFile; fileRef = 7C4D0E442E204CD0008F143D /* AppRouterImpl.swift */; };
		7C4D0E4A2E20502E008F143D /* AddTransactionViewController.swift in Sources */ = {isa = PBXBuildFile; fileRef = 7C4D0E492E205024008F143D /* AddTransactionViewController.swift */; };
		7C4D0E4C2E20503C008F143D /* AddTransactionViewModel.swift in Sources */ = {isa = PBXBuildFile; fileRef = 7C4D0E4B2E205036008F143D /* AddTransactionViewModel.swift */; };
		7C4D0E522E20F8B0008F143D /* Localizable.strings in Resources */ = {isa = PBXBuildFile; fileRef = 7C4D0E502E20F8B0008F143D /* Localizable.strings */; };
		7C4D0E552E20FAEE008F143D /* Strings.swift in Sources */ = {isa = PBXBuildFile; fileRef = 7C4D0E542E20FAEE008F143D /* Strings.swift */; };
		7C4D0E7C2E2135DB008F143D /* Transaction.swift in Sources */ = {isa = PBXBuildFile; fileRef = 7C4D0E7B2E2135D5008F143D /* Transaction.swift */; };
		7C4D0E7E2E2136E6008F143D /* Wallet.swift in Sources */ = {isa = PBXBuildFile; fileRef = 7C4D0E7D2E2136E4008F143D /* Wallet.swift */; };
		7C4D0E812E214038008F143D /* DataStorage.swift in Sources */ = {isa = PBXBuildFile; fileRef = 7C4D0E802E214036008F143D /* DataStorage.swift */; };
		7C4D0E832E214189008F143D /* WalletService.swift in Sources */ = {isa = PBXBuildFile; fileRef = 7C4D0E822E214181008F143D /* WalletService.swift */; };
		7C4D0E862E214D98008F143D /* RefillAlert.swift in Sources */ = {isa = PBXBuildFile; fileRef = 7C4D0E852E214D97008F143D /* RefillAlert.swift */; };
		7C4D0E882E2155E4008F143D /* GenericErrorAlert.swift in Sources */ = {isa = PBXBuildFile; fileRef = 7C4D0E872E2155DE008F143D /* GenericErrorAlert.swift */; };
		7C4D0E8A2E21621A008F143D /* DecimalFormatter.swift in Sources */ = {isa = PBXBuildFile; fileRef = 7C4D0E892E216219008F143D /* DecimalFormatter.swift */; };
		7C4D0E8C2E21622F008F143D /* String+Extension.swift in Sources */ = {isa = PBXBuildFile; fileRef = 7C4D0E8B2E216228008F143D /* String+Extension.swift */; };
		7C4D0E8E2E21624A008F143D /* Decimal+Extension.swift in Sources */ = {isa = PBXBuildFile; fileRef = 7C4D0E8D2E216245008F143D /* Decimal+Extension.swift */; };
		7C4D0E902E216649008F143D /* NetworkClient.swift in Sources */ = {isa = PBXBuildFile; fileRef = 7C4D0E8F2E216644008F143D /* NetworkClient.swift */; };
		7C4D0E932E216E92008F143D /* Endpoint.swift in Sources */ = {isa = PBXBuildFile; fileRef = 7C4D0E922E216E8F008F143D /* Endpoint.swift */; };
		7C4D0E952E216EAA008F143D /* HTTPMethod.swift in Sources */ = {isa = PBXBuildFile; fileRef = 7C4D0E942E216EA9008F143D /* HTTPMethod.swift */; };
		7C4D0E972E216EBF008F143D /* NetworkError.swift in Sources */ = {isa = PBXBuildFile; fileRef = 7C4D0E962E216EBE008F143D /* NetworkError.swift */; };
		7C4D0E9A2E216EF8008F143D /* BitcoinEndpoint.swift in Sources */ = {isa = PBXBuildFile; fileRef = 7C4D0E992E216EE9008F143D /* BitcoinEndpoint.swift */; };
		7C4D0E9D2E2174B8008F143D /* BitcoinRateResponse.swift in Sources */ = {isa = PBXBuildFile; fileRef = 7C4D0E9C2E2174B7008F143D /* BitcoinRateResponse.swift */; };
		7C4D0E9F2E21A7B7008F143D /* TransactionsService.swift in Sources */ = {isa = PBXBuildFile; fileRef = 7C4D0E9E2E21A7B2008F143D /* TransactionsService.swift */; };
		7C4D0EA22E21A863008F143D /* TransactionCategory.swift in Sources */ = {isa = PBXBuildFile; fileRef = 7C4D0EA12E21A85B008F143D /* TransactionCategory.swift */; };
		7C4D0EA42E21AA88008F143D /* CreditDebitIndicator.swift in Sources */ = {isa = PBXBuildFile; fileRef = 7C4D0EA32E21AA82008F143D /* CreditDebitIndicator.swift */; };
		7C4D0EA92E224E12008F143D /* AddTransactionModel.swift in Sources */ = {isa = PBXBuildFile; fileRef = 7C4D0EA82E224E0C008F143D /* AddTransactionModel.swift */; };
		7C4D0EAB2E225864008F143D /* CoreDataContainer.swift in Sources */ = {isa = PBXBuildFile; fileRef = 7C4D0EAA2E22585F008F143D /* CoreDataContainer.swift */; };
		7C4D0EAD2E225FAC008F143D /* EmptyTransactionFieldsAlert.swift in Sources */ = {isa = PBXBuildFile; fileRef = 7C4D0EAC2E225F8C008F143D /* EmptyTransactionFieldsAlert.swift */; };
		7C4D0EAF2E2260A1008F143D /* InsufficientBalanceAlert.swift in Sources */ = {isa = PBXBuildFile; fileRef = 7C4D0EAE2E22609F008F143D /* InsufficientBalanceAlert.swift */; };
		7C4D0EB22E22F731008F143D /* TransactionsListViewController.swift in Sources */ = {isa = PBXBuildFile; fileRef = 7C4D0EB12E22F72C008F143D /* TransactionsListViewController.swift */; };
		7C4D0EB42E22F73A008F143D /* TransactionsListViewModel.swift in Sources */ = {isa = PBXBuildFile; fileRef = 7C4D0EB32E22F737008F143D /* TransactionsListViewModel.swift */; };
		7C4D0EB62E22FB43008F143D /* PaginatedDataProvider.swift in Sources */ = {isa = PBXBuildFile; fileRef = 7C4D0EB52E22FB3F008F143D /* PaginatedDataProvider.swift */; };
		7C4D0EB82E22FD9E008F143D /* TransactionTableViewCell.swift in Sources */ = {isa = PBXBuildFile; fileRef = 7C4D0EB72E22FD92008F143D /* TransactionTableViewCell.swift */; };
		7C4D0EBB2E23AEC6008F143D /* Date+Extension.swift in Sources */ = {isa = PBXBuildFile; fileRef = 7C4D0EBA2E23AEC1008F143D /* Date+Extension.swift */; };
		7C4D0EBE2E23B25F008F143D /* StateView.swift in Sources */ = {isa = PBXBuildFile; fileRef = 7C4D0EBD2E23B25A008F143D /* StateView.swift */; };
		7C4D0EC12E23B3D5008F143D /* TransactionsEmptyStateData.swift in Sources */ = {isa = PBXBuildFile; fileRef = 7C4D0EC02E23B3BD008F143D /* TransactionsEmptyStateData.swift */; };
		7C4D0EC72E23BA36008F143D /* InputView.swift in Sources */ = {isa = PBXBuildFile; fileRef = 7C4D0EC62E23BA34008F143D /* InputView.swift */; };
		7C4D0EC92E23C4B8008F143D /* InvalidAmountAlert.swift in Sources */ = {isa = PBXBuildFile; fileRef = 7C4D0EC82E23C4B0008F143D /* InvalidAmountAlert.swift */; };
		7C4D0ECC2E23CACB008F143D /* DesignSystem.swift in Sources */ = {isa = PBXBuildFile; fileRef = 7C4D0ECB2E23CAC7008F143D /* DesignSystem.swift */; };
		7C4D0ECE2E23CDB4008F143D /* DesignSystem+Styles.swift in Sources */ = {isa = PBXBuildFile; fileRef = 7C4D0ECD2E23CDAA008F143D /* DesignSystem+Styles.swift */; };
		7C4D0ED02E23DE47008F143D /* AnalyticsEventName.swift in Sources */ = {isa = PBXBuildFile; fileRef = 7C4D0ECF2E23DE40008F143D /* AnalyticsEventName.swift */; };
		7C4D0ED22E23DF6F008F143D /* AnalyticsParameterName.swift in Sources */ = {isa = PBXBuildFile; fileRef = 7C4D0ED12E23DF63008F143D /* AnalyticsParameterName.swift */; };
		7C4D0ED52E23E898008F143D /* AnalyticsServiceTests.swift in Sources */ = {isa = PBXBuildFile; fileRef = 7C4D0ED42E23E898008F143D /* AnalyticsServiceTests.swift */; };
		7C4D0EDA2E23F43E008F143D /* XCTestCase+Delay.swift in Sources */ = {isa = PBXBuildFile; fileRef = 7C4D0ED92E23F436008F143D /* XCTestCase+Delay.swift */; };
		7C4D0EDD2E23F501008F143D /* BitcoinRateServiceTests.swift in Sources */ = {isa = PBXBuildFile; fileRef = 7C4D0EDC2E23F501008F143D /* BitcoinRateServiceTests.swift */; };
		7C4D0EE12E240ABE008F143D /* NetworkClientStub.swift in Sources */ = {isa = PBXBuildFile; fileRef = 7C4D0EE02E240ABA008F143D /* NetworkClientStub.swift */; };
		7C4D0EE32E240B92008F143D /* WalletServiceStub.swift in Sources */ = {isa = PBXBuildFile; fileRef = 7C4D0EE22E240B8B008F143D /* WalletServiceStub.swift */; };
/* End PBXBuildFile section */

/* Begin PBXContainerItemProxy section */
		1CA3B66C2D22B0F600176711 /* PBXContainerItemProxy */ = {
			isa = PBXContainerItemProxy;
			containerPortal = 1CA3B64A2D22B0F500176711 /* Project object */;
			proxyType = 1;
			remoteGlobalIDString = 1CA3B6512D22B0F500176711;
			remoteInfo = TransactionsTestTask;
		};
		1CA3B6762D22B0F600176711 /* PBXContainerItemProxy */ = {
			isa = PBXContainerItemProxy;
			containerPortal = 1CA3B64A2D22B0F500176711 /* Project object */;
			proxyType = 1;
			remoteGlobalIDString = 1CA3B6512D22B0F500176711;
			remoteInfo = TransactionsTestTask;
		};
/* End PBXContainerItemProxy section */

/* Begin PBXFileReference section */
		0D1540602D22EF5D00D6D63F /* AnalyticsEvent.swift */ = {isa = PBXFileReference; lastKnownFileType = sourcecode.swift; path = AnalyticsEvent.swift; sourceTree = "<group>"; };
		0DF1D13F2D22DC4B001626E7 /* ServicesAssembler.swift */ = {isa = PBXFileReference; lastKnownFileType = sourcecode.swift; path = ServicesAssembler.swift; sourceTree = "<group>"; };
		0DF1D1422D22DCD2001626E7 /* PerformOnce.swift */ = {isa = PBXFileReference; lastKnownFileType = sourcecode.swift; path = PerformOnce.swift; sourceTree = "<group>"; };
		0DF1D1442D22DCFF001626E7 /* BitcoinRateService.swift */ = {isa = PBXFileReference; lastKnownFileType = sourcecode.swift; path = BitcoinRateService.swift; sourceTree = "<group>"; };
		0DF1D1462D22DD44001626E7 /* AnalyticsService.swift */ = {isa = PBXFileReference; lastKnownFileType = sourcecode.swift; path = AnalyticsService.swift; sourceTree = "<group>"; };
		1CA3B6522D22B0F500176711 /* TransactionsTestTask.app */ = {isa = PBXFileReference; explicitFileType = wrapper.application; includeInIndex = 0; path = TransactionsTestTask.app; sourceTree = BUILT_PRODUCTS_DIR; };
		1CA3B6552D22B0F500176711 /* AppDelegate.swift */ = {isa = PBXFileReference; lastKnownFileType = sourcecode.swift; path = AppDelegate.swift; sourceTree = "<group>"; };
		1CA3B6572D22B0F500176711 /* SceneDelegate.swift */ = {isa = PBXFileReference; lastKnownFileType = sourcecode.swift; path = SceneDelegate.swift; sourceTree = "<group>"; };
		1CA3B6592D22B0F500176711 /* DashboardViewController.swift */ = {isa = PBXFileReference; lastKnownFileType = sourcecode.swift; path = DashboardViewController.swift; sourceTree = "<group>"; };
		1CA3B65F2D22B0F500176711 /* TransactionsTestTask.xcdatamodel */ = {isa = PBXFileReference; lastKnownFileType = wrapper.xcdatamodel; path = TransactionsTestTask.xcdatamodel; sourceTree = "<group>"; };
		1CA3B6612D22B0F600176711 /* Assets.xcassets */ = {isa = PBXFileReference; lastKnownFileType = folder.assetcatalog; path = Assets.xcassets; sourceTree = "<group>"; };
		1CA3B6642D22B0F600176711 /* Base */ = {isa = PBXFileReference; lastKnownFileType = file.storyboard; name = Base; path = Base.lproj/LaunchScreen.storyboard; sourceTree = "<group>"; };
		1CA3B6662D22B0F600176711 /* Info.plist */ = {isa = PBXFileReference; lastKnownFileType = text.plist.xml; path = Info.plist; sourceTree = "<group>"; };
		1CA3B66B2D22B0F600176711 /* TransactionsTestTaskTests.xctest */ = {isa = PBXFileReference; explicitFileType = wrapper.cfbundle; includeInIndex = 0; path = TransactionsTestTaskTests.xctest; sourceTree = BUILT_PRODUCTS_DIR; };
		1CA3B6752D22B0F600176711 /* TransactionsTestTaskUITests.xctest */ = {isa = PBXFileReference; explicitFileType = wrapper.cfbundle; includeInIndex = 0; path = TransactionsTestTaskUITests.xctest; sourceTree = BUILT_PRODUCTS_DIR; };
		7C4D0E3F2E2048BE008F143D /* DashboardViewModel.swift */ = {isa = PBXFileReference; lastKnownFileType = sourcecode.swift; path = DashboardViewModel.swift; sourceTree = "<group>"; };
		7C4D0E412E204C7B008F143D /* AppRouter.swift */ = {isa = PBXFileReference; lastKnownFileType = sourcecode.swift; path = AppRouter.swift; sourceTree = "<group>"; };
		7C4D0E442E204CD0008F143D /* AppRouterImpl.swift */ = {isa = PBXFileReference; lastKnownFileType = sourcecode.swift; path = AppRouterImpl.swift; sourceTree = "<group>"; };
		7C4D0E492E205024008F143D /* AddTransactionViewController.swift */ = {isa = PBXFileReference; lastKnownFileType = sourcecode.swift; path = AddTransactionViewController.swift; sourceTree = "<group>"; };
		7C4D0E4B2E205036008F143D /* AddTransactionViewModel.swift */ = {isa = PBXFileReference; lastKnownFileType = sourcecode.swift; path = AddTransactionViewModel.swift; sourceTree = "<group>"; };
		7C4D0E512E20F8B0008F143D /* en */ = {isa = PBXFileReference; lastKnownFileType = text.plist.strings; name = en; path = en.lproj/Localizable.strings; sourceTree = "<group>"; };
		7C4D0E542E20FAEE008F143D /* Strings.swift */ = {isa = PBXFileReference; lastKnownFileType = sourcecode.swift; path = Strings.swift; sourceTree = "<group>"; };
		7C4D0E7B2E2135D5008F143D /* Transaction.swift */ = {isa = PBXFileReference; lastKnownFileType = sourcecode.swift; path = Transaction.swift; sourceTree = "<group>"; };
		7C4D0E7D2E2136E4008F143D /* Wallet.swift */ = {isa = PBXFileReference; lastKnownFileType = sourcecode.swift; path = Wallet.swift; sourceTree = "<group>"; };
		7C4D0E802E214036008F143D /* DataStorage.swift */ = {isa = PBXFileReference; lastKnownFileType = sourcecode.swift; path = DataStorage.swift; sourceTree = "<group>"; };
		7C4D0E822E214181008F143D /* WalletService.swift */ = {isa = PBXFileReference; lastKnownFileType = sourcecode.swift; path = WalletService.swift; sourceTree = "<group>"; };
		7C4D0E852E214D97008F143D /* RefillAlert.swift */ = {isa = PBXFileReference; lastKnownFileType = sourcecode.swift; path = RefillAlert.swift; sourceTree = "<group>"; };
		7C4D0E872E2155DE008F143D /* GenericErrorAlert.swift */ = {isa = PBXFileReference; lastKnownFileType = sourcecode.swift; path = GenericErrorAlert.swift; sourceTree = "<group>"; };
		7C4D0E892E216219008F143D /* DecimalFormatter.swift */ = {isa = PBXFileReference; lastKnownFileType = sourcecode.swift; path = DecimalFormatter.swift; sourceTree = "<group>"; };
		7C4D0E8B2E216228008F143D /* String+Extension.swift */ = {isa = PBXFileReference; lastKnownFileType = sourcecode.swift; path = "String+Extension.swift"; sourceTree = "<group>"; };
		7C4D0E8D2E216245008F143D /* Decimal+Extension.swift */ = {isa = PBXFileReference; lastKnownFileType = sourcecode.swift; path = "Decimal+Extension.swift"; sourceTree = "<group>"; };
		7C4D0E8F2E216644008F143D /* NetworkClient.swift */ = {isa = PBXFileReference; lastKnownFileType = sourcecode.swift; path = NetworkClient.swift; sourceTree = "<group>"; };
		7C4D0E922E216E8F008F143D /* Endpoint.swift */ = {isa = PBXFileReference; lastKnownFileType = sourcecode.swift; path = Endpoint.swift; sourceTree = "<group>"; };
		7C4D0E942E216EA9008F143D /* HTTPMethod.swift */ = {isa = PBXFileReference; lastKnownFileType = sourcecode.swift; path = HTTPMethod.swift; sourceTree = "<group>"; };
		7C4D0E962E216EBE008F143D /* NetworkError.swift */ = {isa = PBXFileReference; lastKnownFileType = sourcecode.swift; path = NetworkError.swift; sourceTree = "<group>"; };
		7C4D0E992E216EE9008F143D /* BitcoinEndpoint.swift */ = {isa = PBXFileReference; lastKnownFileType = sourcecode.swift; path = BitcoinEndpoint.swift; sourceTree = "<group>"; };
		7C4D0E9C2E2174B7008F143D /* BitcoinRateResponse.swift */ = {isa = PBXFileReference; lastKnownFileType = sourcecode.swift; path = BitcoinRateResponse.swift; sourceTree = "<group>"; };
		7C4D0E9E2E21A7B2008F143D /* TransactionsService.swift */ = {isa = PBXFileReference; lastKnownFileType = sourcecode.swift; path = TransactionsService.swift; sourceTree = "<group>"; };
		7C4D0EA12E21A85B008F143D /* TransactionCategory.swift */ = {isa = PBXFileReference; lastKnownFileType = sourcecode.swift; path = TransactionCategory.swift; sourceTree = "<group>"; };
		7C4D0EA32E21AA82008F143D /* CreditDebitIndicator.swift */ = {isa = PBXFileReference; lastKnownFileType = sourcecode.swift; path = CreditDebitIndicator.swift; sourceTree = "<group>"; };
		7C4D0EA82E224E0C008F143D /* AddTransactionModel.swift */ = {isa = PBXFileReference; lastKnownFileType = sourcecode.swift; path = AddTransactionModel.swift; sourceTree = "<group>"; };
		7C4D0EAA2E22585F008F143D /* CoreDataContainer.swift */ = {isa = PBXFileReference; lastKnownFileType = sourcecode.swift; path = CoreDataContainer.swift; sourceTree = "<group>"; };
		7C4D0EAC2E225F8C008F143D /* EmptyTransactionFieldsAlert.swift */ = {isa = PBXFileReference; lastKnownFileType = sourcecode.swift; path = EmptyTransactionFieldsAlert.swift; sourceTree = "<group>"; };
		7C4D0EAE2E22609F008F143D /* InsufficientBalanceAlert.swift */ = {isa = PBXFileReference; lastKnownFileType = sourcecode.swift; path = InsufficientBalanceAlert.swift; sourceTree = "<group>"; };
		7C4D0EB12E22F72C008F143D /* TransactionsListViewController.swift */ = {isa = PBXFileReference; lastKnownFileType = sourcecode.swift; path = TransactionsListViewController.swift; sourceTree = "<group>"; };
		7C4D0EB32E22F737008F143D /* TransactionsListViewModel.swift */ = {isa = PBXFileReference; lastKnownFileType = sourcecode.swift; path = TransactionsListViewModel.swift; sourceTree = "<group>"; };
		7C4D0EB52E22FB3F008F143D /* PaginatedDataProvider.swift */ = {isa = PBXFileReference; lastKnownFileType = sourcecode.swift; path = PaginatedDataProvider.swift; sourceTree = "<group>"; };
		7C4D0EB72E22FD92008F143D /* TransactionTableViewCell.swift */ = {isa = PBXFileReference; lastKnownFileType = sourcecode.swift; path = TransactionTableViewCell.swift; sourceTree = "<group>"; };
		7C4D0EBA2E23AEC1008F143D /* Date+Extension.swift */ = {isa = PBXFileReference; lastKnownFileType = sourcecode.swift; path = "Date+Extension.swift"; sourceTree = "<group>"; };
		7C4D0EBD2E23B25A008F143D /* StateView.swift */ = {isa = PBXFileReference; lastKnownFileType = sourcecode.swift; path = StateView.swift; sourceTree = "<group>"; };
		7C4D0EC02E23B3BD008F143D /* TransactionsEmptyStateData.swift */ = {isa = PBXFileReference; lastKnownFileType = sourcecode.swift; path = TransactionsEmptyStateData.swift; sourceTree = "<group>"; };
		7C4D0EC62E23BA34008F143D /* InputView.swift */ = {isa = PBXFileReference; lastKnownFileType = sourcecode.swift; path = InputView.swift; sourceTree = "<group>"; };
		7C4D0EC82E23C4B0008F143D /* InvalidAmountAlert.swift */ = {isa = PBXFileReference; lastKnownFileType = sourcecode.swift; path = InvalidAmountAlert.swift; sourceTree = "<group>"; };
		7C4D0ECB2E23CAC7008F143D /* DesignSystem.swift */ = {isa = PBXFileReference; lastKnownFileType = sourcecode.swift; path = DesignSystem.swift; sourceTree = "<group>"; };
		7C4D0ECD2E23CDAA008F143D /* DesignSystem+Styles.swift */ = {isa = PBXFileReference; lastKnownFileType = sourcecode.swift; path = "DesignSystem+Styles.swift"; sourceTree = "<group>"; };
		7C4D0ECF2E23DE40008F143D /* AnalyticsEventName.swift */ = {isa = PBXFileReference; lastKnownFileType = sourcecode.swift; path = AnalyticsEventName.swift; sourceTree = "<group>"; };
		7C4D0ED12E23DF63008F143D /* AnalyticsParameterName.swift */ = {isa = PBXFileReference; lastKnownFileType = sourcecode.swift; path = AnalyticsParameterName.swift; sourceTree = "<group>"; };
		7C4D0ED42E23E898008F143D /* AnalyticsServiceTests.swift */ = {isa = PBXFileReference; lastKnownFileType = sourcecode.swift; path = AnalyticsServiceTests.swift; sourceTree = "<group>"; };
		7C4D0ED92E23F436008F143D /* XCTestCase+Delay.swift */ = {isa = PBXFileReference; lastKnownFileType = sourcecode.swift; path = "XCTestCase+Delay.swift"; sourceTree = "<group>"; };
		7C4D0EDC2E23F501008F143D /* BitcoinRateServiceTests.swift */ = {isa = PBXFileReference; lastKnownFileType = sourcecode.swift; path = BitcoinRateServiceTests.swift; sourceTree = "<group>"; };
		7C4D0EE02E240ABA008F143D /* NetworkClientStub.swift */ = {isa = PBXFileReference; lastKnownFileType = sourcecode.swift; path = NetworkClientStub.swift; sourceTree = "<group>"; };
		7C4D0EE22E240B8B008F143D /* WalletServiceStub.swift */ = {isa = PBXFileReference; lastKnownFileType = sourcecode.swift; path = WalletServiceStub.swift; sourceTree = "<group>"; };
/* End PBXFileReference section */

/* Begin PBXFrameworksBuildPhase section */
		1CA3B64F2D22B0F500176711 /* Frameworks */ = {
			isa = PBXFrameworksBuildPhase;
			buildActionMask = 2147483647;
			files = (
			);
			runOnlyForDeploymentPostprocessing = 0;
		};
		1CA3B6682D22B0F600176711 /* Frameworks */ = {
			isa = PBXFrameworksBuildPhase;
			buildActionMask = 2147483647;
			files = (
			);
			runOnlyForDeploymentPostprocessing = 0;
		};
		1CA3B6722D22B0F600176711 /* Frameworks */ = {
			isa = PBXFrameworksBuildPhase;
			buildActionMask = 2147483647;
			files = (
			);
			runOnlyForDeploymentPostprocessing = 0;
		};
/* End PBXFrameworksBuildPhase section */

/* Begin PBXGroup section */
		0D15405F2D22EF3400D6D63F /* AnalyticsService */ = {
			isa = PBXGroup;
			children = (
				0DF1D1462D22DD44001626E7 /* AnalyticsService.swift */,
				0D1540602D22EF5D00D6D63F /* AnalyticsEvent.swift */,
				7C4D0ECF2E23DE40008F143D /* AnalyticsEventName.swift */,
				7C4D0ED12E23DF63008F143D /* AnalyticsParameterName.swift */,
			);
			path = AnalyticsService;
			sourceTree = "<group>";
		};
		0DF1D13E2D22DC2D001626E7 /* Services */ = {
			isa = PBXGroup;
			children = (
				0D15405F2D22EF3400D6D63F /* AnalyticsService */,
				7C4D0E982E216EE1008F143D /* BitcoinRateService */,
				7C4D0E912E216E81008F143D /* NetworkClient */,
				7C4D0E7F2E21401E008F143D /* DataStorage */,
				7C4D0EE42E244119008F143D /* WalletService */,
				7C4D0EE52E244128008F143D /* TransactionsService */,
				0DF1D13F2D22DC4B001626E7 /* ServicesAssembler.swift */,
			);
			path = Services;
			sourceTree = "<group>";
		};
		0DF1D1412D22DCC3001626E7 /* Helpers */ = {
			isa = PBXGroup;
			children = (
				7C4D0E4D2E20F577008F143D /* Extensions */,
				0DF1D1422D22DCD2001626E7 /* PerformOnce.swift */,
				7C4D0E892E216219008F143D /* DecimalFormatter.swift */,
				7C4D0EB52E22FB3F008F143D /* PaginatedDataProvider.swift */,
			);
			path = Helpers;
			sourceTree = "<group>";
		};
		1CA3B6492D22B0F500176711 = {
			isa = PBXGroup;
			children = (
				1CA3B6542D22B0F500176711 /* TransactionsTestTask */,
				1CA3B66E2D22B0F600176711 /* TransactionsTestTaskTests */,
				1CA3B6532D22B0F500176711 /* Products */,
			);
			sourceTree = "<group>";
		};
		1CA3B6532D22B0F500176711 /* Products */ = {
			isa = PBXGroup;
			children = (
				1CA3B6522D22B0F500176711 /* TransactionsTestTask.app */,
				1CA3B66B2D22B0F600176711 /* TransactionsTestTaskTests.xctest */,
				1CA3B6752D22B0F600176711 /* TransactionsTestTaskUITests.xctest */,
			);
			name = Products;
			sourceTree = "<group>";
		};
		1CA3B6542D22B0F500176711 /* TransactionsTestTask */ = {
			isa = PBXGroup;
			children = (
				7C4D0E532E20F9E3008F143D /* Generated */,
				1CA3B6552D22B0F500176711 /* AppDelegate.swift */,
				1CA3B6572D22B0F500176711 /* SceneDelegate.swift */,
				7C4D0ECA2E23CABF008F143D /* DesignSystem */,
				0DF1D1412D22DCC3001626E7 /* Helpers */,
				7C4D0E432E204C83008F143D /* Router */,
				0DF1D13E2D22DC2D001626E7 /* Services */,
				7C4D0E3D2E203E90008F143D /* Views */,
				7C4D0EC42E23BA0F008F143D /* UIComponents */,
				7C4D0E3C2E203E55008F143D /* Resources */,
				1CA3B6662D22B0F600176711 /* Info.plist */,
				1CA3B65E2D22B0F500176711 /* TransactionsTestTask.xcdatamodeld */,
			);
			path = TransactionsTestTask;
			sourceTree = "<group>";
		};
		1CA3B66E2D22B0F600176711 /* TransactionsTestTaskTests */ = {
			isa = PBXGroup;
			children = (
				7C4D0EDF2E240AA7008F143D /* TestDoubles */,
				7C4D0ED82E23F42E008F143D /* TestsHelpers */,
				7C4D0EDE2E23F50C008F143D /* Services */,
			);
			path = TransactionsTestTaskTests;
			sourceTree = "<group>";
		};
		7C4D0E3C2E203E55008F143D /* Resources */ = {
			isa = PBXGroup;
			children = (
				1CA3B6612D22B0F600176711 /* Assets.xcassets */,
				1CA3B6632D22B0F600176711 /* LaunchScreen.storyboard */,
				7C4D0E502E20F8B0008F143D /* Localizable.strings */,
			);
			path = Resources;
			sourceTree = "<group>";
		};
		7C4D0E3D2E203E90008F143D /* Views */ = {
			isa = PBXGroup;
			children = (
				7C4D0E482E205013008F143D /* AddTransaction */,
				7C4D0E3E2E203E9E008F143D /* Dashboard */,
				7C4D0EB02E22F714008F143D /* TransactionsList */,
			);
			path = Views;
			sourceTree = "<group>";
		};
		7C4D0E3E2E203E9E008F143D /* Dashboard */ = {
			isa = PBXGroup;
			children = (
				1CA3B6592D22B0F500176711 /* DashboardViewController.swift */,
				7C4D0E3F2E2048BE008F143D /* DashboardViewModel.swift */,
			);
			path = Dashboard;
			sourceTree = "<group>";
		};
		7C4D0E432E204C83008F143D /* Router */ = {
			isa = PBXGroup;
			children = (
				7C4D0E412E204C7B008F143D /* AppRouter.swift */,
				7C4D0E442E204CD0008F143D /* AppRouterImpl.swift */,
			);
			path = Router;
			sourceTree = "<group>";
		};
		7C4D0E482E205013008F143D /* AddTransaction */ = {
			isa = PBXGroup;
			children = (
				7C4D0E492E205024008F143D /* AddTransactionViewController.swift */,
				7C4D0E4B2E205036008F143D /* AddTransactionViewModel.swift */,
				7C4D0EA72E224E06008F143D /* Model */,
			);
			path = AddTransaction;
			sourceTree = "<group>";
		};
		7C4D0E4D2E20F577008F143D /* Extensions */ = {
			isa = PBXGroup;
			children = (
				7C4D0E8B2E216228008F143D /* String+Extension.swift */,
				7C4D0E8D2E216245008F143D /* Decimal+Extension.swift */,
				7C4D0EBA2E23AEC1008F143D /* Date+Extension.swift */,
			);
			path = Extensions;
			sourceTree = "<group>";
		};
		7C4D0E532E20F9E3008F143D /* Generated */ = {
			isa = PBXGroup;
			children = (
				7C4D0E542E20FAEE008F143D /* Strings.swift */,
			);
			path = Generated;
			sourceTree = "<group>";
		};
		7C4D0E622E213275008F143D /* Model */ = {
			isa = PBXGroup;
			children = (
				7C4D0E7D2E2136E4008F143D /* Wallet.swift */,
			);
			path = Model;
			sourceTree = "<group>";
		};
		7C4D0E7F2E21401E008F143D /* DataStorage */ = {
			isa = PBXGroup;
			children = (
				7C4D0EAA2E22585F008F143D /* CoreDataContainer.swift */,
				7C4D0E802E214036008F143D /* DataStorage.swift */,
			);
			path = DataStorage;
			sourceTree = "<group>";
		};
		7C4D0E842E214D85008F143D /* Alerts */ = {
			isa = PBXGroup;
			children = (
				7C4D0E872E2155DE008F143D /* GenericErrorAlert.swift */,
				7C4D0EAC2E225F8C008F143D /* EmptyTransactionFieldsAlert.swift */,
				7C4D0EAE2E22609F008F143D /* InsufficientBalanceAlert.swift */,
				7C4D0E852E214D97008F143D /* RefillAlert.swift */,
				7C4D0EC82E23C4B0008F143D /* InvalidAmountAlert.swift */,
			);
			path = Alerts;
			sourceTree = "<group>";
		};
		7C4D0E912E216E81008F143D /* NetworkClient */ = {
			isa = PBXGroup;
			children = (
				7C4D0E922E216E8F008F143D /* Endpoint.swift */,
				7C4D0E942E216EA9008F143D /* HTTPMethod.swift */,
				7C4D0E8F2E216644008F143D /* NetworkClient.swift */,
				7C4D0E962E216EBE008F143D /* NetworkError.swift */,
			);
			path = NetworkClient;
			sourceTree = "<group>";
		};
		7C4D0E982E216EE1008F143D /* BitcoinRateService */ = {
			isa = PBXGroup;
			children = (
				7C4D0E9B2E2174AA008F143D /* Model */,
				0DF1D1442D22DCFF001626E7 /* BitcoinRateService.swift */,
				7C4D0E992E216EE9008F143D /* BitcoinEndpoint.swift */,
			);
			path = BitcoinRateService;
			sourceTree = "<group>";
		};
		7C4D0E9B2E2174AA008F143D /* Model */ = {
			isa = PBXGroup;
			children = (
				7C4D0E9C2E2174B7008F143D /* BitcoinRateResponse.swift */,
			);
			path = Model;
			sourceTree = "<group>";
		};
		7C4D0EA72E224E06008F143D /* Model */ = {
			isa = PBXGroup;
			children = (
				7C4D0EA82E224E0C008F143D /* AddTransactionModel.swift */,
			);
			path = Model;
			sourceTree = "<group>";
		};
		7C4D0EB02E22F714008F143D /* TransactionsList */ = {
			isa = PBXGroup;
			children = (
				7C4D0EBF2E23B3B8008F143D /* Model */,
				7C4D0EB92E22FDAC008F143D /* TransactionCell */,
				7C4D0EB12E22F72C008F143D /* TransactionsListViewController.swift */,
				7C4D0EB32E22F737008F143D /* TransactionsListViewModel.swift */,
			);
			path = TransactionsList;
			sourceTree = "<group>";
		};
		7C4D0EB92E22FDAC008F143D /* TransactionCell */ = {
			isa = PBXGroup;
			children = (
				7C4D0EB72E22FD92008F143D /* TransactionTableViewCell.swift */,
			);
			path = TransactionCell;
			sourceTree = "<group>";
		};
		7C4D0EBC2E23B251008F143D /* StateView */ = {
			isa = PBXGroup;
			children = (
				7C4D0EBD2E23B25A008F143D /* StateView.swift */,
			);
			path = StateView;
			sourceTree = "<group>";
		};
		7C4D0EBF2E23B3B8008F143D /* Model */ = {
			isa = PBXGroup;
			children = (
				7C4D0EC02E23B3BD008F143D /* TransactionsEmptyStateData.swift */,
			);
			path = Model;
			sourceTree = "<group>";
		};
		7C4D0EC42E23BA0F008F143D /* UIComponents */ = {
			isa = PBXGroup;
			children = (
				7C4D0E842E214D85008F143D /* Alerts */,
				7C4D0EC52E23BA25008F143D /* InputView */,
				7C4D0EBC2E23B251008F143D /* StateView */,
			);
			path = UIComponents;
			sourceTree = "<group>";
		};
		7C4D0EC52E23BA25008F143D /* InputView */ = {
			isa = PBXGroup;
			children = (
				7C4D0EC62E23BA34008F143D /* InputView.swift */,
			);
			path = InputView;
			sourceTree = "<group>";
		};
		7C4D0ECA2E23CABF008F143D /* DesignSystem */ = {
			isa = PBXGroup;
			children = (
				7C4D0ECB2E23CAC7008F143D /* DesignSystem.swift */,
				7C4D0ECD2E23CDAA008F143D /* DesignSystem+Styles.swift */,
			);
			path = DesignSystem;
			sourceTree = "<group>";
		};
		7C4D0ED32E23E874008F143D /* AnalyticsService */ = {
			isa = PBXGroup;
			children = (
				7C4D0ED42E23E898008F143D /* AnalyticsServiceTests.swift */,
			);
			path = AnalyticsService;
			sourceTree = "<group>";
		};
		7C4D0ED82E23F42E008F143D /* TestsHelpers */ = {
			isa = PBXGroup;
			children = (
				7C4D0ED92E23F436008F143D /* XCTestCase+Delay.swift */,
			);
			path = TestsHelpers;
			sourceTree = "<group>";
		};
		7C4D0EDB2E23F4DA008F143D /* BitcoinRateService */ = {
			isa = PBXGroup;
			children = (
				7C4D0EDC2E23F501008F143D /* BitcoinRateServiceTests.swift */,
			);
			path = BitcoinRateService;
			sourceTree = "<group>";
		};
		7C4D0EDE2E23F50C008F143D /* Services */ = {
			isa = PBXGroup;
			children = (
				7C4D0ED32E23E874008F143D /* AnalyticsService */,
				7C4D0EDB2E23F4DA008F143D /* BitcoinRateService */,
			);
			path = Services;
			sourceTree = "<group>";
		};
		7C4D0EDF2E240AA7008F143D /* TestDoubles */ = {
			isa = PBXGroup;
			children = (
				7C4D0EE02E240ABA008F143D /* NetworkClientStub.swift */,
				7C4D0EE22E240B8B008F143D /* WalletServiceStub.swift */,
			);
			path = TestDoubles;
			sourceTree = "<group>";
		};
		7C4D0EE42E244119008F143D /* WalletService */ = {
			isa = PBXGroup;
			children = (
				7C4D0E622E213275008F143D /* Model */,
				7C4D0E822E214181008F143D /* WalletService.swift */,
			);
			path = WalletService;
			sourceTree = "<group>";
		};
		7C4D0EE52E244128008F143D /* TransactionsService */ = {
			isa = PBXGroup;
			children = (
				7C4D0EE62E244134008F143D /* Model */,
				7C4D0E9E2E21A7B2008F143D /* TransactionsService.swift */,
			);
			path = TransactionsService;
			sourceTree = "<group>";
		};
		7C4D0EE62E244134008F143D /* Model */ = {
			isa = PBXGroup;
			children = (
				7C4D0EA32E21AA82008F143D /* CreditDebitIndicator.swift */,
				7C4D0E7B2E2135D5008F143D /* Transaction.swift */,
				7C4D0EA12E21A85B008F143D /* TransactionCategory.swift */,
			);
			path = Model;
			sourceTree = "<group>";
		};
/* End PBXGroup section */

/* Begin PBXNativeTarget section */
		1CA3B6512D22B0F500176711 /* TransactionsTestTask */ = {
			isa = PBXNativeTarget;
			buildConfigurationList = 1CA3B67F2D22B0F600176711 /* Build configuration list for PBXNativeTarget "TransactionsTestTask" */;
			buildPhases = (
				1CA3B64E2D22B0F500176711 /* Sources */,
				1CA3B64F2D22B0F500176711 /* Frameworks */,
				1CA3B6502D22B0F500176711 /* Resources */,
			);
			buildRules = (
			);
			dependencies = (
			);
			name = TransactionsTestTask;
			productName = TransactionsTestTask;
			productReference = 1CA3B6522D22B0F500176711 /* TransactionsTestTask.app */;
			productType = "com.apple.product-type.application";
		};
		1CA3B66A2D22B0F600176711 /* TransactionsTestTaskTests */ = {
			isa = PBXNativeTarget;
			buildConfigurationList = 1CA3B6822D22B0F600176711 /* Build configuration list for PBXNativeTarget "TransactionsTestTaskTests" */;
			buildPhases = (
				1CA3B6672D22B0F600176711 /* Sources */,
				1CA3B6682D22B0F600176711 /* Frameworks */,
				1CA3B6692D22B0F600176711 /* Resources */,
			);
			buildRules = (
			);
			dependencies = (
				1CA3B66D2D22B0F600176711 /* PBXTargetDependency */,
			);
			name = TransactionsTestTaskTests;
			productName = TransactionsTestTaskTests;
			productReference = 1CA3B66B2D22B0F600176711 /* TransactionsTestTaskTests.xctest */;
			productType = "com.apple.product-type.bundle.unit-test";
		};
		1CA3B6742D22B0F600176711 /* TransactionsTestTaskUITests */ = {
			isa = PBXNativeTarget;
			buildConfigurationList = 1CA3B6852D22B0F600176711 /* Build configuration list for PBXNativeTarget "TransactionsTestTaskUITests" */;
			buildPhases = (
				1CA3B6712D22B0F600176711 /* Sources */,
				1CA3B6722D22B0F600176711 /* Frameworks */,
				1CA3B6732D22B0F600176711 /* Resources */,
			);
			buildRules = (
			);
			dependencies = (
				1CA3B6772D22B0F600176711 /* PBXTargetDependency */,
			);
			name = TransactionsTestTaskUITests;
			productName = TransactionsTestTaskUITests;
			productReference = 1CA3B6752D22B0F600176711 /* TransactionsTestTaskUITests.xctest */;
			productType = "com.apple.product-type.bundle.ui-testing";
		};
/* End PBXNativeTarget section */

/* Begin PBXProject section */
		1CA3B64A2D22B0F500176711 /* Project object */ = {
			isa = PBXProject;
			attributes = {
				BuildIndependentTargetsInParallel = 1;
				LastSwiftUpdateCheck = 1540;
				LastUpgradeCheck = 1540;
				TargetAttributes = {
					1CA3B6512D22B0F500176711 = {
						CreatedOnToolsVersion = 15.4;
					};
					1CA3B66A2D22B0F600176711 = {
						CreatedOnToolsVersion = 15.4;
						TestTargetID = 1CA3B6512D22B0F500176711;
					};
					1CA3B6742D22B0F600176711 = {
						CreatedOnToolsVersion = 15.4;
						TestTargetID = 1CA3B6512D22B0F500176711;
					};
				};
			};
			buildConfigurationList = 1CA3B64D2D22B0F500176711 /* Build configuration list for PBXProject "TransactionsTestTask" */;
			compatibilityVersion = "Xcode 14.0";
			developmentRegion = en;
			hasScannedForEncodings = 0;
			knownRegions = (
				en,
				Base,
			);
			mainGroup = 1CA3B6492D22B0F500176711;
			productRefGroup = 1CA3B6532D22B0F500176711 /* Products */;
			projectDirPath = "";
			projectRoot = "";
			targets = (
				1CA3B6512D22B0F500176711 /* TransactionsTestTask */,
				1CA3B66A2D22B0F600176711 /* TransactionsTestTaskTests */,
				1CA3B6742D22B0F600176711 /* TransactionsTestTaskUITests */,
			);
		};
/* End PBXProject section */

/* Begin PBXResourcesBuildPhase section */
		1CA3B6502D22B0F500176711 /* Resources */ = {
			isa = PBXResourcesBuildPhase;
			buildActionMask = 2147483647;
			files = (
				1CA3B6622D22B0F600176711 /* Assets.xcassets in Resources */,
				7C4D0E522E20F8B0008F143D /* Localizable.strings in Resources */,
				1CA3B6652D22B0F600176711 /* Base in Resources */,
			);
			runOnlyForDeploymentPostprocessing = 0;
		};
		1CA3B6692D22B0F600176711 /* Resources */ = {
			isa = PBXResourcesBuildPhase;
			buildActionMask = 2147483647;
			files = (
			);
			runOnlyForDeploymentPostprocessing = 0;
		};
		1CA3B6732D22B0F600176711 /* Resources */ = {
			isa = PBXResourcesBuildPhase;
			buildActionMask = 2147483647;
			files = (
			);
			runOnlyForDeploymentPostprocessing = 0;
		};
/* End PBXResourcesBuildPhase section */

/* Begin PBXSourcesBuildPhase section */
		1CA3B64E2D22B0F500176711 /* Sources */ = {
			isa = PBXSourcesBuildPhase;
			buildActionMask = 2147483647;
			files = (
				7C4D0EC12E23B3D5008F143D /* TransactionsEmptyStateData.swift in Sources */,
				7C4D0EAB2E225864008F143D /* CoreDataContainer.swift in Sources */,
				0D1540612D22EF5D00D6D63F /* AnalyticsEvent.swift in Sources */,
				7C4D0ED22E23DF6F008F143D /* AnalyticsParameterName.swift in Sources */,
				7C4D0E972E216EBF008F143D /* NetworkError.swift in Sources */,
				7C4D0E402E2048C2008F143D /* DashboardViewModel.swift in Sources */,
				7C4D0E7C2E2135DB008F143D /* Transaction.swift in Sources */,
				7C4D0EAF2E2260A1008F143D /* InsufficientBalanceAlert.swift in Sources */,
				7C4D0ED02E23DE47008F143D /* AnalyticsEventName.swift in Sources */,
				7C4D0E452E204CDA008F143D /* AppRouterImpl.swift in Sources */,
				0DF1D1432D22DCD8001626E7 /* PerformOnce.swift in Sources */,
				7C4D0EA92E224E12008F143D /* AddTransactionModel.swift in Sources */,
				7C4D0E4A2E20502E008F143D /* AddTransactionViewController.swift in Sources */,
				7C4D0ECC2E23CACB008F143D /* DesignSystem.swift in Sources */,
				7C4D0EC92E23C4B8008F143D /* InvalidAmountAlert.swift in Sources */,
				7C4D0EC72E23BA36008F143D /* InputView.swift in Sources */,
				7C4D0E902E216649008F143D /* NetworkClient.swift in Sources */,
				7C4D0EBB2E23AEC6008F143D /* Date+Extension.swift in Sources */,
				0DF1D1452D22DD06001626E7 /* BitcoinRateService.swift in Sources */,
				0DF1D1472D22DD4A001626E7 /* AnalyticsService.swift in Sources */,
				7C4D0EAD2E225FAC008F143D /* EmptyTransactionFieldsAlert.swift in Sources */,
				7C4D0E8A2E21621A008F143D /* DecimalFormatter.swift in Sources */,
				7C4D0E862E214D98008F143D /* RefillAlert.swift in Sources */,
				7C4D0EB62E22FB43008F143D /* PaginatedDataProvider.swift in Sources */,
				7C4D0E552E20FAEE008F143D /* Strings.swift in Sources */,
				1CA3B65A2D22B0F500176711 /* DashboardViewController.swift in Sources */,
				7C4D0E9F2E21A7B7008F143D /* TransactionsService.swift in Sources */,
				7C4D0EA42E21AA88008F143D /* CreditDebitIndicator.swift in Sources */,
				7C4D0E8C2E21622F008F143D /* String+Extension.swift in Sources */,
				7C4D0EB82E22FD9E008F143D /* TransactionTableViewCell.swift in Sources */,
				7C4D0EBE2E23B25F008F143D /* StateView.swift in Sources */,
				7C4D0E882E2155E4008F143D /* GenericErrorAlert.swift in Sources */,
				1CA3B6562D22B0F500176711 /* AppDelegate.swift in Sources */,
				7C4D0E932E216E92008F143D /* Endpoint.swift in Sources */,
				7C4D0E4C2E20503C008F143D /* AddTransactionViewModel.swift in Sources */,
				7C4D0EB22E22F731008F143D /* TransactionsListViewController.swift in Sources */,
				7C4D0E812E214038008F143D /* DataStorage.swift in Sources */,
				7C4D0E8E2E21624A008F143D /* Decimal+Extension.swift in Sources */,
				7C4D0E422E204C7E008F143D /* AppRouter.swift in Sources */,
				7C4D0ECE2E23CDB4008F143D /* DesignSystem+Styles.swift in Sources */,
				7C4D0E9A2E216EF8008F143D /* BitcoinEndpoint.swift in Sources */,
				7C4D0EA22E21A863008F143D /* TransactionCategory.swift in Sources */,
				1CA3B6582D22B0F500176711 /* SceneDelegate.swift in Sources */,
				7C4D0EB42E22F73A008F143D /* TransactionsListViewModel.swift in Sources */,
				1CA3B6602D22B0F500176711 /* TransactionsTestTask.xcdatamodeld in Sources */,
				7C4D0E9D2E2174B8008F143D /* BitcoinRateResponse.swift in Sources */,
				7C4D0E952E216EAA008F143D /* HTTPMethod.swift in Sources */,
				7C4D0E7E2E2136E6008F143D /* Wallet.swift in Sources */,
				7C4D0E832E214189008F143D /* WalletService.swift in Sources */,
				0DF1D1402D22DC51001626E7 /* ServicesAssembler.swift in Sources */,
			);
			runOnlyForDeploymentPostprocessing = 0;
		};
		1CA3B6672D22B0F600176711 /* Sources */ = {
			isa = PBXSourcesBuildPhase;
			buildActionMask = 2147483647;
			files = (
				7C4D0ED52E23E898008F143D /* AnalyticsServiceTests.swift in Sources */,
				7C4D0EE32E240B92008F143D /* WalletServiceStub.swift in Sources */,
				7C4D0EE12E240ABE008F143D /* NetworkClientStub.swift in Sources */,
				7C4D0EDD2E23F501008F143D /* BitcoinRateServiceTests.swift in Sources */,
				7C4D0EDA2E23F43E008F143D /* XCTestCase+Delay.swift in Sources */,
			);
			runOnlyForDeploymentPostprocessing = 0;
		};
		1CA3B6712D22B0F600176711 /* Sources */ = {
			isa = PBXSourcesBuildPhase;
			buildActionMask = 2147483647;
			files = (
			);
			runOnlyForDeploymentPostprocessing = 0;
		};
/* End PBXSourcesBuildPhase section */

/* Begin PBXTargetDependency section */
		1CA3B66D2D22B0F600176711 /* PBXTargetDependency */ = {
			isa = PBXTargetDependency;
			target = 1CA3B6512D22B0F500176711 /* TransactionsTestTask */;
			targetProxy = 1CA3B66C2D22B0F600176711 /* PBXContainerItemProxy */;
		};
		1CA3B6772D22B0F600176711 /* PBXTargetDependency */ = {
			isa = PBXTargetDependency;
			target = 1CA3B6512D22B0F500176711 /* TransactionsTestTask */;
			targetProxy = 1CA3B6762D22B0F600176711 /* PBXContainerItemProxy */;
		};
/* End PBXTargetDependency section */

/* Begin PBXVariantGroup section */
		1CA3B6632D22B0F600176711 /* LaunchScreen.storyboard */ = {
			isa = PBXVariantGroup;
			children = (
				1CA3B6642D22B0F600176711 /* Base */,
			);
			name = LaunchScreen.storyboard;
			sourceTree = "<group>";
		};
		7C4D0E502E20F8B0008F143D /* Localizable.strings */ = {
			isa = PBXVariantGroup;
			children = (
				7C4D0E512E20F8B0008F143D /* en */,
			);
			name = Localizable.strings;
			sourceTree = "<group>";
		};
/* End PBXVariantGroup section */

/* Begin XCBuildConfiguration section */
		1CA3B67D2D22B0F600176711 /* Debug */ = {
			isa = XCBuildConfiguration;
			buildSettings = {
				ALWAYS_SEARCH_USER_PATHS = NO;
				ASSETCATALOG_COMPILER_GENERATE_SWIFT_ASSET_SYMBOL_EXTENSIONS = YES;
				CLANG_ANALYZER_NONNULL = YES;
				CLANG_ANALYZER_NUMBER_OBJECT_CONVERSION = YES_AGGRESSIVE;
				CLANG_CXX_LANGUAGE_STANDARD = "gnu++20";
				CLANG_ENABLE_MODULES = YES;
				CLANG_ENABLE_OBJC_ARC = YES;
				CLANG_ENABLE_OBJC_WEAK = YES;
				CLANG_WARN_BLOCK_CAPTURE_AUTORELEASING = YES;
				CLANG_WARN_BOOL_CONVERSION = YES;
				CLANG_WARN_COMMA = YES;
				CLANG_WARN_CONSTANT_CONVERSION = YES;
				CLANG_WARN_DEPRECATED_OBJC_IMPLEMENTATIONS = YES;
				CLANG_WARN_DIRECT_OBJC_ISA_USAGE = YES_ERROR;
				CLANG_WARN_DOCUMENTATION_COMMENTS = YES;
				CLANG_WARN_EMPTY_BODY = YES;
				CLANG_WARN_ENUM_CONVERSION = YES;
				CLANG_WARN_INFINITE_RECURSION = YES;
				CLANG_WARN_INT_CONVERSION = YES;
				CLANG_WARN_NON_LITERAL_NULL_CONVERSION = YES;
				CLANG_WARN_OBJC_IMPLICIT_RETAIN_SELF = YES;
				CLANG_WARN_OBJC_LITERAL_CONVERSION = YES;
				CLANG_WARN_OBJC_ROOT_CLASS = YES_ERROR;
				CLANG_WARN_QUOTED_INCLUDE_IN_FRAMEWORK_HEADER = YES;
				CLANG_WARN_RANGE_LOOP_ANALYSIS = YES;
				CLANG_WARN_STRICT_PROTOTYPES = YES;
				CLANG_WARN_SUSPICIOUS_MOVE = YES;
				CLANG_WARN_UNGUARDED_AVAILABILITY = YES_AGGRESSIVE;
				CLANG_WARN_UNREACHABLE_CODE = YES;
				CLANG_WARN__DUPLICATE_METHOD_MATCH = YES;
				COPY_PHASE_STRIP = NO;
				DEBUG_INFORMATION_FORMAT = dwarf;
				ENABLE_STRICT_OBJC_MSGSEND = YES;
				ENABLE_TESTABILITY = YES;
				ENABLE_USER_SCRIPT_SANDBOXING = YES;
				GCC_C_LANGUAGE_STANDARD = gnu17;
				GCC_DYNAMIC_NO_PIC = NO;
				GCC_NO_COMMON_BLOCKS = YES;
				GCC_OPTIMIZATION_LEVEL = 0;
				GCC_PREPROCESSOR_DEFINITIONS = (
					"DEBUG=1",
					"$(inherited)",
				);
				GCC_WARN_64_TO_32_BIT_CONVERSION = YES;
				GCC_WARN_ABOUT_RETURN_TYPE = YES_ERROR;
				GCC_WARN_UNDECLARED_SELECTOR = YES;
				GCC_WARN_UNINITIALIZED_AUTOS = YES_AGGRESSIVE;
				GCC_WARN_UNUSED_FUNCTION = YES;
				GCC_WARN_UNUSED_VARIABLE = YES;
				IPHONEOS_DEPLOYMENT_TARGET = 17.5;
				LOCALIZATION_PREFERS_STRING_CATALOGS = YES;
				MTL_ENABLE_DEBUG_INFO = INCLUDE_SOURCE;
				MTL_FAST_MATH = YES;
				ONLY_ACTIVE_ARCH = YES;
				SDKROOT = iphoneos;
				SWIFT_ACTIVE_COMPILATION_CONDITIONS = "DEBUG $(inherited)";
				SWIFT_EMIT_LOC_STRINGS = YES;
				SWIFT_OPTIMIZATION_LEVEL = "-Onone";
			};
			name = Debug;
		};
		1CA3B67E2D22B0F600176711 /* Release */ = {
			isa = XCBuildConfiguration;
			buildSettings = {
				ALWAYS_SEARCH_USER_PATHS = NO;
				ASSETCATALOG_COMPILER_GENERATE_SWIFT_ASSET_SYMBOL_EXTENSIONS = YES;
				CLANG_ANALYZER_NONNULL = YES;
				CLANG_ANALYZER_NUMBER_OBJECT_CONVERSION = YES_AGGRESSIVE;
				CLANG_CXX_LANGUAGE_STANDARD = "gnu++20";
				CLANG_ENABLE_MODULES = YES;
				CLANG_ENABLE_OBJC_ARC = YES;
				CLANG_ENABLE_OBJC_WEAK = YES;
				CLANG_WARN_BLOCK_CAPTURE_AUTORELEASING = YES;
				CLANG_WARN_BOOL_CONVERSION = YES;
				CLANG_WARN_COMMA = YES;
				CLANG_WARN_CONSTANT_CONVERSION = YES;
				CLANG_WARN_DEPRECATED_OBJC_IMPLEMENTATIONS = YES;
				CLANG_WARN_DIRECT_OBJC_ISA_USAGE = YES_ERROR;
				CLANG_WARN_DOCUMENTATION_COMMENTS = YES;
				CLANG_WARN_EMPTY_BODY = YES;
				CLANG_WARN_ENUM_CONVERSION = YES;
				CLANG_WARN_INFINITE_RECURSION = YES;
				CLANG_WARN_INT_CONVERSION = YES;
				CLANG_WARN_NON_LITERAL_NULL_CONVERSION = YES;
				CLANG_WARN_OBJC_IMPLICIT_RETAIN_SELF = YES;
				CLANG_WARN_OBJC_LITERAL_CONVERSION = YES;
				CLANG_WARN_OBJC_ROOT_CLASS = YES_ERROR;
				CLANG_WARN_QUOTED_INCLUDE_IN_FRAMEWORK_HEADER = YES;
				CLANG_WARN_RANGE_LOOP_ANALYSIS = YES;
				CLANG_WARN_STRICT_PROTOTYPES = YES;
				CLANG_WARN_SUSPICIOUS_MOVE = YES;
				CLANG_WARN_UNGUARDED_AVAILABILITY = YES_AGGRESSIVE;
				CLANG_WARN_UNREACHABLE_CODE = YES;
				CLANG_WARN__DUPLICATE_METHOD_MATCH = YES;
				COPY_PHASE_STRIP = NO;
				DEBUG_INFORMATION_FORMAT = "dwarf-with-dsym";
				ENABLE_NS_ASSERTIONS = NO;
				ENABLE_STRICT_OBJC_MSGSEND = YES;
				ENABLE_USER_SCRIPT_SANDBOXING = YES;
				GCC_C_LANGUAGE_STANDARD = gnu17;
				GCC_NO_COMMON_BLOCKS = YES;
				GCC_WARN_64_TO_32_BIT_CONVERSION = YES;
				GCC_WARN_ABOUT_RETURN_TYPE = YES_ERROR;
				GCC_WARN_UNDECLARED_SELECTOR = YES;
				GCC_WARN_UNINITIALIZED_AUTOS = YES_AGGRESSIVE;
				GCC_WARN_UNUSED_FUNCTION = YES;
				GCC_WARN_UNUSED_VARIABLE = YES;
				IPHONEOS_DEPLOYMENT_TARGET = 17.5;
				LOCALIZATION_PREFERS_STRING_CATALOGS = YES;
				MTL_ENABLE_DEBUG_INFO = NO;
				MTL_FAST_MATH = YES;
				SDKROOT = iphoneos;
				SWIFT_COMPILATION_MODE = wholemodule;
				SWIFT_EMIT_LOC_STRINGS = YES;
				VALIDATE_PRODUCT = YES;
			};
			name = Release;
		};
		1CA3B6802D22B0F600176711 /* Debug */ = {
			isa = XCBuildConfiguration;
			buildSettings = {
				ASSETCATALOG_COMPILER_APPICON_NAME = AppIcon;
				ASSETCATALOG_COMPILER_GLOBAL_ACCENT_COLOR_NAME = AccentColor;
				CODE_SIGN_STYLE = Automatic;
				CURRENT_PROJECT_VERSION = 1;
				GENERATE_INFOPLIST_FILE = YES;
				INFOPLIST_FILE = TransactionsTestTask/Info.plist;
				INFOPLIST_KEY_LSApplicationCategoryType = "public.app-category.finance";
				INFOPLIST_KEY_UIApplicationSupportsIndirectInputEvents = YES;
				INFOPLIST_KEY_UILaunchStoryboardName = LaunchScreen;
				INFOPLIST_KEY_UIMainStoryboardFile = "";
				INFOPLIST_KEY_UISupportedInterfaceOrientations = UIInterfaceOrientationPortrait;
				INFOPLIST_KEY_UISupportedInterfaceOrientations_iPad = "UIInterfaceOrientationLandscapeLeft UIInterfaceOrientationLandscapeRight UIInterfaceOrientationPortrait UIInterfaceOrientationPortraitUpsideDown";
				IPHONEOS_DEPLOYMENT_TARGET = 17.0;
				LD_RUNPATH_SEARCH_PATHS = (
					"$(inherited)",
					"@executable_path/Frameworks",
				);
				MARKETING_VERSION = 1.0;
				PRODUCT_BUNDLE_IDENTIFIER = com.obrio.TransactionsTestTask;
				PRODUCT_NAME = "$(TARGET_NAME)";
				SUPPORTED_PLATFORMS = "iphoneos iphonesimulator";
				SUPPORTS_MACCATALYST = NO;
				SUPPORTS_MAC_DESIGNED_FOR_IPHONE_IPAD = NO;
				SUPPORTS_XR_DESIGNED_FOR_IPHONE_IPAD = NO;
				SWIFT_EMIT_LOC_STRINGS = YES;
				SWIFT_VERSION = 5.0;
				TARGETED_DEVICE_FAMILY = 1;
			};
			name = Debug;
		};
		1CA3B6812D22B0F600176711 /* Release */ = {
			isa = XCBuildConfiguration;
			buildSettings = {
				ASSETCATALOG_COMPILER_APPICON_NAME = AppIcon;
				ASSETCATALOG_COMPILER_GLOBAL_ACCENT_COLOR_NAME = AccentColor;
				CODE_SIGN_STYLE = Automatic;
				CURRENT_PROJECT_VERSION = 1;
				GENERATE_INFOPLIST_FILE = YES;
				INFOPLIST_FILE = TransactionsTestTask/Info.plist;
				INFOPLIST_KEY_LSApplicationCategoryType = "public.app-category.finance";
				INFOPLIST_KEY_UIApplicationSupportsIndirectInputEvents = YES;
				INFOPLIST_KEY_UILaunchStoryboardName = LaunchScreen;
				INFOPLIST_KEY_UIMainStoryboardFile = "";
				INFOPLIST_KEY_UISupportedInterfaceOrientations = UIInterfaceOrientationPortrait;
				INFOPLIST_KEY_UISupportedInterfaceOrientations_iPad = "UIInterfaceOrientationLandscapeLeft UIInterfaceOrientationLandscapeRight UIInterfaceOrientationPortrait UIInterfaceOrientationPortraitUpsideDown";
				IPHONEOS_DEPLOYMENT_TARGET = 17.0;
				LD_RUNPATH_SEARCH_PATHS = (
					"$(inherited)",
					"@executable_path/Frameworks",
				);
				MARKETING_VERSION = 1.0;
				PRODUCT_BUNDLE_IDENTIFIER = com.obrio.TransactionsTestTask;
				PRODUCT_NAME = "$(TARGET_NAME)";
				SUPPORTED_PLATFORMS = "iphoneos iphonesimulator";
				SUPPORTS_MACCATALYST = NO;
				SUPPORTS_MAC_DESIGNED_FOR_IPHONE_IPAD = NO;
				SUPPORTS_XR_DESIGNED_FOR_IPHONE_IPAD = NO;
				SWIFT_EMIT_LOC_STRINGS = YES;
				SWIFT_VERSION = 5.0;
				TARGETED_DEVICE_FAMILY = 1;
			};
			name = Release;
		};
		1CA3B6832D22B0F600176711 /* Debug */ = {
			isa = XCBuildConfiguration;
			buildSettings = {
				BUNDLE_LOADER = "$(TEST_HOST)";
				CODE_SIGN_STYLE = Automatic;
				CURRENT_PROJECT_VERSION = 1;
				GENERATE_INFOPLIST_FILE = YES;
				IPHONEOS_DEPLOYMENT_TARGET = 17.5;
				MARKETING_VERSION = 1.0;
				PRODUCT_BUNDLE_IDENTIFIER = com.obrio.TransactionsTestTaskTests;
				PRODUCT_NAME = "$(TARGET_NAME)";
				SWIFT_EMIT_LOC_STRINGS = NO;
				SWIFT_VERSION = 5.0;
				TARGETED_DEVICE_FAMILY = "1,2";
				TEST_HOST = "$(BUILT_PRODUCTS_DIR)/TransactionsTestTask.app/$(BUNDLE_EXECUTABLE_FOLDER_PATH)/TransactionsTestTask";
			};
			name = Debug;
		};
		1CA3B6842D22B0F600176711 /* Release */ = {
			isa = XCBuildConfiguration;
			buildSettings = {
				BUNDLE_LOADER = "$(TEST_HOST)";
				CODE_SIGN_STYLE = Automatic;
				CURRENT_PROJECT_VERSION = 1;
				GENERATE_INFOPLIST_FILE = YES;
				IPHONEOS_DEPLOYMENT_TARGET = 17.5;
				MARKETING_VERSION = 1.0;
				PRODUCT_BUNDLE_IDENTIFIER = com.obrio.TransactionsTestTaskTests;
				PRODUCT_NAME = "$(TARGET_NAME)";
				SWIFT_EMIT_LOC_STRINGS = NO;
				SWIFT_VERSION = 5.0;
				TARGETED_DEVICE_FAMILY = "1,2";
				TEST_HOST = "$(BUILT_PRODUCTS_DIR)/TransactionsTestTask.app/$(BUNDLE_EXECUTABLE_FOLDER_PATH)/TransactionsTestTask";
			};
			name = Release;
		};
		1CA3B6862D22B0F600176711 /* Debug */ = {
			isa = XCBuildConfiguration;
			buildSettings = {
				CODE_SIGN_STYLE = Automatic;
				CURRENT_PROJECT_VERSION = 1;
				GENERATE_INFOPLIST_FILE = YES;
				MARKETING_VERSION = 1.0;
				PRODUCT_BUNDLE_IDENTIFIER = com.obrio.TransactionsTestTaskUITests;
				PRODUCT_NAME = "$(TARGET_NAME)";
				SWIFT_EMIT_LOC_STRINGS = NO;
				SWIFT_VERSION = 5.0;
				TARGETED_DEVICE_FAMILY = "1,2";
				TEST_TARGET_NAME = TransactionsTestTask;
			};
			name = Debug;
		};
		1CA3B6872D22B0F600176711 /* Release */ = {
			isa = XCBuildConfiguration;
			buildSettings = {
				CODE_SIGN_STYLE = Automatic;
				CURRENT_PROJECT_VERSION = 1;
				GENERATE_INFOPLIST_FILE = YES;
				MARKETING_VERSION = 1.0;
				PRODUCT_BUNDLE_IDENTIFIER = com.obrio.TransactionsTestTaskUITests;
				PRODUCT_NAME = "$(TARGET_NAME)";
				SWIFT_EMIT_LOC_STRINGS = NO;
				SWIFT_VERSION = 5.0;
				TARGETED_DEVICE_FAMILY = "1,2";
				TEST_TARGET_NAME = TransactionsTestTask;
			};
			name = Release;
		};
/* End XCBuildConfiguration section */

/* Begin XCConfigurationList section */
		1CA3B64D2D22B0F500176711 /* Build configuration list for PBXProject "TransactionsTestTask" */ = {
			isa = XCConfigurationList;
			buildConfigurations = (
				1CA3B67D2D22B0F600176711 /* Debug */,
				1CA3B67E2D22B0F600176711 /* Release */,
			);
			defaultConfigurationIsVisible = 0;
			defaultConfigurationName = Release;
		};
		1CA3B67F2D22B0F600176711 /* Build configuration list for PBXNativeTarget "TransactionsTestTask" */ = {
			isa = XCConfigurationList;
			buildConfigurations = (
				1CA3B6802D22B0F600176711 /* Debug */,
				1CA3B6812D22B0F600176711 /* Release */,
			);
			defaultConfigurationIsVisible = 0;
			defaultConfigurationName = Release;
		};
		1CA3B6822D22B0F600176711 /* Build configuration list for PBXNativeTarget "TransactionsTestTaskTests" */ = {
			isa = XCConfigurationList;
			buildConfigurations = (
				1CA3B6832D22B0F600176711 /* Debug */,
				1CA3B6842D22B0F600176711 /* Release */,
			);
			defaultConfigurationIsVisible = 0;
			defaultConfigurationName = Release;
		};
		1CA3B6852D22B0F600176711 /* Build configuration list for PBXNativeTarget "TransactionsTestTaskUITests" */ = {
			isa = XCConfigurationList;
			buildConfigurations = (
				1CA3B6862D22B0F600176711 /* Debug */,
				1CA3B6872D22B0F600176711 /* Release */,
			);
			defaultConfigurationIsVisible = 0;
			defaultConfigurationName = Release;
		};
/* End XCConfigurationList section */

/* Begin XCVersionGroup section */
		1CA3B65E2D22B0F500176711 /* TransactionsTestTask.xcdatamodeld */ = {
			isa = XCVersionGroup;
			children = (
				1CA3B65F2D22B0F500176711 /* TransactionsTestTask.xcdatamodel */,
			);
			currentVersion = 1CA3B65F2D22B0F500176711 /* TransactionsTestTask.xcdatamodel */;
			path = TransactionsTestTask.xcdatamodeld;
			sourceTree = "<group>";
			versionGroupType = wrapper.xcdatamodel;
		};
/* End XCVersionGroup section */
	};
	rootObject = 1CA3B64A2D22B0F500176711 /* Project object */;
}
